
Microsoft Visual Studio Solution File, Format Version 12.00
# Visual Studio 14
VisualStudioVersion = 14.0.25420.1
MinimumVisualStudioVersion = 10.0.40219.1
Project("{FAE04EC0-301F-11D3-BF4B-00C04F79EFBC}") = "FubuTodo.Tests", "FubuTodo.Tests\FubuTodo.Tests.csproj", "{067456C0-086C-46A8-B37F-1405717B7BFC}"
EndProject
Project("{2150E333-8FDC-42A3-9474-1A3956D46DE8}") = "Solution Items", "Solution Items", "{CF68983C-CB21-47D0-ADF9-780575CDC922}"
	ProjectSection(SolutionItems) = preProject
		paket.dependencies = paket.dependencies
	EndProjectSection
EndProject
Project("{FAE04EC0-301F-11D3-BF4B-00C04F79EFBC}") = "FubuTodo.Service", "FubuTodo.Service\FubuTodo.Service.csproj", "{AC4A5733-B298-4E15-80E2-8BA1060466D3}"
EndProject
Project("{FAE04EC0-301F-11D3-BF4B-00C04F79EFBC}") = "FubuTodo.Domain", "FubuTodo.Domain\FubuTodo.Domain.csproj", "{FCD10369-3763-4440-A03A-5B622B5A6AA7}"
EndProject
Project("{FAE04EC0-301F-11D3-BF4B-00C04F79EFBC}") = "FubuTodo.Web", "FubuTodo.Web\FubuTodo.Web.csproj", "{38692FCC-F529-470F-A081-5D3C27E449D2}"
EndProject
Global
	GlobalSection(SolutionConfigurationPlatforms) = preSolution
		Debug|Any CPU = Debug|Any CPU
		Release|Any CPU = Release|Any CPU
	EndGlobalSection
	GlobalSection(ProjectConfigurationPlatforms) = postSolution
		{067456C0-086C-46A8-B37F-1405717B7BFC}.Debug|Any CPU.ActiveCfg = Debug|Any CPU
		{067456C0-086C-46A8-B37F-1405717B7BFC}.Debug|Any CPU.Build.0 = Debug|Any CPU
		{067456C0-086C-46A8-B37F-1405717B7BFC}.Release|Any CPU.ActiveCfg = Release|Any CPU
		{067456C0-086C-46A8-B37F-1405717B7BFC}.Release|Any CPU.Build.0 = Release|Any CPU
		{AC4A5733-B298-4E15-80E2-8BA1060466D3}.Debug|Any CPU.ActiveCfg = Debug|Any CPU
		{AC4A5733-B298-4E15-80E2-8BA1060466D3}.Debug|Any CPU.Build.0 = Debug|Any CPU
		{AC4A5733-B298-4E15-80E2-8BA1060466D3}.Release|Any CPU.ActiveCfg = Release|Any CPU
		{AC4A5733-B298-4E15-80E2-8BA1060466D3}.Release|Any CPU.Build.0 = Release|Any CPU
		{FCD10369-3763-4440-A03A-5B622B5A6AA7}.Debug|Any CPU.ActiveCfg = Debug|Any CPU
		{FCD10369-3763-4440-A03A-5B622B5A6AA7}.Debug|Any CPU.Build.0 = Debug|Any CPU
		{FCD10369-3763-4440-A03A-5B622B5A6AA7}.Release|Any CPU.ActiveCfg = Release|Any CPU
		{FCD10369-3763-4440-A03A-5B622B5A6AA7}.Release|Any CPU.Build.0 = Release|Any CPU
		{38692FCC-F529-470F-A081-5D3C27E449D2}.Debug|Any CPU.ActiveCfg = Debug|Any CPU
		{38692FCC-F529-470F-A081-5D3C27E449D2}.Debug|Any CPU.Build.0 = Debug|Any CPU
		{38692FCC-F529-470F-A081-5D3C27E449D2}.Release|Any CPU.ActiveCfg = Release|Any CPU
		{38692FCC-F529-470F-A081-5D3C27E449D2}.Release|Any CPU.Build.0 = Release|Any CPU
	EndGlobalSection
	GlobalSection(SolutionProperties) = preSolution
		HideSolutionNode = FALSE
	EndGlobalSection
EndGlobal
